// !$*UTF8*$!
{
	archiveVersion = 1;
	classes = {
	};
	objectVersion = 56;
	objects = {

/* Begin PBXBuildFile section */
		653C74EC2B686CB300609B96 /* toDoListApp.swift in Sources */ = {isa = PBXBuildFile; fileRef = 653C74EB2B686CB300609B96 /* toDoListApp.swift */; };
		653C74F02B686CB400609B96 /* Assets.xcassets in Resources */ = {isa = PBXBuildFile; fileRef = 653C74EF2B686CB400609B96 /* Assets.xcassets */; };
		653C74F32B686CB400609B96 /* Preview Assets.xcassets in Resources */ = {isa = PBXBuildFile; fileRef = 653C74F22B686CB400609B96 /* Preview Assets.xcassets */; };
		653C74FD2B686CB400609B96 /* toDoListTests.swift in Sources */ = {isa = PBXBuildFile; fileRef = 653C74FC2B686CB400609B96 /* toDoListTests.swift */; };
		653C75072B686CB400609B96 /* toDoListUITests.swift in Sources */ = {isa = PBXBuildFile; fileRef = 653C75062B686CB400609B96 /* toDoListUITests.swift */; };
		653C75092B686CB400609B96 /* toDoListUITestsLaunchTests.swift in Sources */ = {isa = PBXBuildFile; fileRef = 653C75082B686CB400609B96 /* toDoListUITestsLaunchTests.swift */; };
		653C75262B687C3700609B96 /* ViewHome.swift in Sources */ = {isa = PBXBuildFile; fileRef = 653C75252B687C3700609B96 /* ViewHome.swift */; };
		653C75282B687C9800609B96 /* TodayListView.swift in Sources */ = {isa = PBXBuildFile; fileRef = 653C75272B687C9800609B96 /* TodayListView.swift */; };
		653C752A2B687DE700609B96 /* ButtonHideListView.swift in Sources */ = {isa = PBXBuildFile; fileRef = 653C75292B687DE700609B96 /* ButtonHideListView.swift */; };
/* End PBXBuildFile section */

/* Begin PBXContainerItemProxy section */
		653C74F92B686CB400609B96 /* PBXContainerItemProxy */ = {
			isa = PBXContainerItemProxy;
			containerPortal = 653C74E02B686CB300609B96 /* Project object */;
			proxyType = 1;
			remoteGlobalIDString = 653C74E72B686CB300609B96;
			remoteInfo = toDoList;
		};
		653C75032B686CB400609B96 /* PBXContainerItemProxy */ = {
			isa = PBXContainerItemProxy;
			containerPortal = 653C74E02B686CB300609B96 /* Project object */;
			proxyType = 1;
			remoteGlobalIDString = 653C74E72B686CB300609B96;
			remoteInfo = toDoList;
		};
/* End PBXContainerItemProxy section */

/* Begin PBXFileReference section */
		653C74E82B686CB300609B96 /* toDoList.app */ = {isa = PBXFileReference; explicitFileType = wrapper.application; includeInIndex = 0; path = toDoList.app; sourceTree = BUILT_PRODUCTS_DIR; };
		653C74EB2B686CB300609B96 /* toDoListApp.swift */ = {isa = PBXFileReference; lastKnownFileType = sourcecode.swift; path = toDoListApp.swift; sourceTree = "<group>"; };
		653C74EF2B686CB400609B96 /* Assets.xcassets */ = {isa = PBXFileReference; lastKnownFileType = folder.assetcatalog; path = Assets.xcassets; sourceTree = "<group>"; };
		653C74F22B686CB400609B96 /* Preview Assets.xcassets */ = {isa = PBXFileReference; lastKnownFileType = folder.assetcatalog; path = "Preview Assets.xcassets"; sourceTree = "<group>"; };
		653C74F82B686CB400609B96 /* toDoListTests.xctest */ = {isa = PBXFileReference; explicitFileType = wrapper.cfbundle; includeInIndex = 0; path = toDoListTests.xctest; sourceTree = BUILT_PRODUCTS_DIR; };
		653C74FC2B686CB400609B96 /* toDoListTests.swift */ = {isa = PBXFileReference; lastKnownFileType = sourcecode.swift; path = toDoListTests.swift; sourceTree = "<group>"; };
		653C75022B686CB400609B96 /* toDoListUITests.xctest */ = {isa = PBXFileReference; explicitFileType = wrapper.cfbundle; includeInIndex = 0; path = toDoListUITests.xctest; sourceTree = BUILT_PRODUCTS_DIR; };
		653C75062B686CB400609B96 /* toDoListUITests.swift */ = {isa = PBXFileReference; lastKnownFileType = sourcecode.swift; path = toDoListUITests.swift; sourceTree = "<group>"; };
		653C75082B686CB400609B96 /* toDoListUITestsLaunchTests.swift */ = {isa = PBXFileReference; lastKnownFileType = sourcecode.swift; path = toDoListUITestsLaunchTests.swift; sourceTree = "<group>"; };
		653C75252B687C3700609B96 /* ViewHome.swift */ = {isa = PBXFileReference; lastKnownFileType = sourcecode.swift; path = ViewHome.swift; sourceTree = "<group>"; };
		653C75272B687C9800609B96 /* TodayListView.swift */ = {isa = PBXFileReference; lastKnownFileType = sourcecode.swift; path = TodayListView.swift; sourceTree = "<group>"; };
		653C75292B687DE700609B96 /* ButtonHideListView.swift */ = {isa = PBXFileReference; lastKnownFileType = sourcecode.swift; path = ButtonHideListView.swift; sourceTree = "<group>"; };
/* End PBXFileReference section */

/* Begin PBXFrameworksBuildPhase section */
		653C74E52B686CB300609B96 /* Frameworks */ = {
			isa = PBXFrameworksBuildPhase;
			buildActionMask = 2147483647;
			files = (
			);
			runOnlyForDeploymentPostprocessing = 0;
		};
		653C74F52B686CB400609B96 /* Frameworks */ = {
			isa = PBXFrameworksBuildPhase;
			buildActionMask = 2147483647;
			files = (
			);
			runOnlyForDeploymentPostprocessing = 0;
		};
		653C74FF2B686CB400609B96 /* Frameworks */ = {
			isa = PBXFrameworksBuildPhase;
			buildActionMask = 2147483647;
			files = (
			);
			runOnlyForDeploymentPostprocessing = 0;
		};
/* End PBXFrameworksBuildPhase section */

/* Begin PBXGroup section */
		653C74DF2B686CB300609B96 = {
			isa = PBXGroup;
			children = (
				653C74EA2B686CB300609B96 /* toDoList */,
				653C74FB2B686CB400609B96 /* toDoListTests */,
				653C75052B686CB400609B96 /* toDoListUITests */,
				653C74E92B686CB300609B96 /* Products */,
			);
			sourceTree = "<group>";
		};
		653C74E92B686CB300609B96 /* Products */ = {
			isa = PBXGroup;
			children = (
				653C74E82B686CB300609B96 /* toDoList.app */,
				653C74F82B686CB400609B96 /* toDoListTests.xctest */,
				653C75022B686CB400609B96 /* toDoListUITests.xctest */,
			);
			name = Products;
			sourceTree = "<group>";
		};
		653C74EA2B686CB300609B96 /* toDoList */ = {
			isa = PBXGroup;
			children = (
				653C75162B687A1900609B96 /* Features */,
				653C74EB2B686CB300609B96 /* toDoListApp.swift */,
				653C74EF2B686CB400609B96 /* Assets.xcassets */,
				653C74F12B686CB400609B96 /* Preview Content */,
			);
			path = toDoList;
			sourceTree = "<group>";
		};
		653C74F12B686CB400609B96 /* Preview Content */ = {
			isa = PBXGroup;
			children = (
				653C74F22B686CB400609B96 /* Preview Assets.xcassets */,
			);
			path = "Preview Content";
			sourceTree = "<group>";
		};
		653C74FB2B686CB400609B96 /* toDoListTests */ = {
			isa = PBXGroup;
			children = (
				653C74FC2B686CB400609B96 /* toDoListTests.swift */,
			);
			path = toDoListTests;
			sourceTree = "<group>";
		};
		653C75052B686CB400609B96 /* toDoListUITests */ = {
			isa = PBXGroup;
			children = (
				653C75062B686CB400609B96 /* toDoListUITests.swift */,
				653C75082B686CB400609B96 /* toDoListUITestsLaunchTests.swift */,
			);
			path = toDoListUITests;
			sourceTree = "<group>";
		};
		653C75162B687A1900609B96 /* Features */ = {
			isa = PBXGroup;
			children = (
				653C751F2B687B6B00609B96 /* List */,
				653C751B2B687A6900609B96 /* AddTask */,
				653C75172B687A1F00609B96 /* Home */,
			);
			path = Features;
			sourceTree = "<group>";
		};
		653C75172B687A1F00609B96 /* Home */ = {
			isa = PBXGroup;
			children = (
				653C75182B687A2700609B96 /* View */,
				653C751A2B687A5300609B96 /* ViewModel */,
				653C75192B687A4600609B96 /* Model */,
			);
			path = Home;
			sourceTree = "<group>";
		};
		653C75182B687A2700609B96 /* View */ = {
			isa = PBXGroup;
			children = (
				653C75252B687C3700609B96 /* ViewHome.swift */,
			);
			path = View;
			sourceTree = "<group>";
		};
		653C75192B687A4600609B96 /* Model */ = {
			isa = PBXGroup;
			children = (
			);
			path = Model;
			sourceTree = "<group>";
		};
		653C751A2B687A5300609B96 /* ViewModel */ = {
			isa = PBXGroup;
			children = (
			);
			path = ViewModel;
			sourceTree = "<group>";
		};
		653C751B2B687A6900609B96 /* AddTask */ = {
			isa = PBXGroup;
			children = (
				653C751C2B687A7000609B96 /* View */,
				653C751D2B687A7700609B96 /* ViewModel */,
				653C751E2B687A7D00609B96 /* Model */,
			);
			path = AddTask;
			sourceTree = "<group>";
		};
		653C751C2B687A7000609B96 /* View */ = {
			isa = PBXGroup;
			children = (
			);
			path = View;
			sourceTree = "<group>";
		};
		653C751D2B687A7700609B96 /* ViewModel */ = {
			isa = PBXGroup;
			children = (
			);
			path = ViewModel;
			sourceTree = "<group>";
		};
		653C751E2B687A7D00609B96 /* Model */ = {
			isa = PBXGroup;
			children = (
			);
			path = Model;
			sourceTree = "<group>";
		};
		653C751F2B687B6B00609B96 /* List */ = {
			isa = PBXGroup;
			children = (
				653C75222B687BA000609B96 /* View */,
				653C75212B687B9A00609B96 /* ViewModel */,
				653C75202B687B9500609B96 /* Model */,
			);
			path = List;
			sourceTree = "<group>";
		};
		653C75202B687B9500609B96 /* Model */ = {
			isa = PBXGroup;
			children = (
			);
			path = Model;
			sourceTree = "<group>";
		};
		653C75212B687B9A00609B96 /* ViewModel */ = {
			isa = PBXGroup;
			children = (
			);
			path = ViewModel;
			sourceTree = "<group>";
		};
		653C75222B687BA000609B96 /* View */ = {
			isa = PBXGroup;
			children = (
				653C75272B687C9800609B96 /* TodayListView.swift */,
				653C75292B687DE700609B96 /* ButtonHideListView.swift */,
			);
			path = View;
			sourceTree = "<group>";
		};
/* End PBXGroup section */

/* Begin PBXNativeTarget section */
		653C74E72B686CB300609B96 /* toDoList */ = {
			isa = PBXNativeTarget;
			buildConfigurationList = 653C750C2B686CB400609B96 /* Build configuration list for PBXNativeTarget "toDoList" */;
			buildPhases = (
				653C74E42B686CB300609B96 /* Sources */,
				653C74E52B686CB300609B96 /* Frameworks */,
				653C74E62B686CB300609B96 /* Resources */,
			);
			buildRules = (
			);
			dependencies = (
			);
			name = toDoList;
			productName = toDoList;
			productReference = 653C74E82B686CB300609B96 /* toDoList.app */;
			productType = "com.apple.product-type.application";
		};
		653C74F72B686CB400609B96 /* toDoListTests */ = {
			isa = PBXNativeTarget;
			buildConfigurationList = 653C750F2B686CB400609B96 /* Build configuration list for PBXNativeTarget "toDoListTests" */;
			buildPhases = (
				653C74F42B686CB400609B96 /* Sources */,
				653C74F52B686CB400609B96 /* Frameworks */,
				653C74F62B686CB400609B96 /* Resources */,
			);
			buildRules = (
			);
			dependencies = (
				653C74FA2B686CB400609B96 /* PBXTargetDependency */,
			);
			name = toDoListTests;
			productName = toDoListTests;
			productReference = 653C74F82B686CB400609B96 /* toDoListTests.xctest */;
			productType = "com.apple.product-type.bundle.unit-test";
		};
		653C75012B686CB400609B96 /* toDoListUITests */ = {
			isa = PBXNativeTarget;
			buildConfigurationList = 653C75122B686CB400609B96 /* Build configuration list for PBXNativeTarget "toDoListUITests" */;
			buildPhases = (
				653C74FE2B686CB400609B96 /* Sources */,
				653C74FF2B686CB400609B96 /* Frameworks */,
				653C75002B686CB400609B96 /* Resources */,
			);
			buildRules = (
			);
			dependencies = (
				653C75042B686CB400609B96 /* PBXTargetDependency */,
			);
			name = toDoListUITests;
			productName = toDoListUITests;
			productReference = 653C75022B686CB400609B96 /* toDoListUITests.xctest */;
			productType = "com.apple.product-type.bundle.ui-testing";
		};
/* End PBXNativeTarget section */

/* Begin PBXProject section */
		653C74E02B686CB300609B96 /* Project object */ = {
			isa = PBXProject;
			attributes = {
				BuildIndependentTargetsInParallel = 1;
				LastSwiftUpdateCheck = 1520;
				LastUpgradeCheck = 1520;
				TargetAttributes = {
					653C74E72B686CB300609B96 = {
						CreatedOnToolsVersion = 15.2;
					};
					653C74F72B686CB400609B96 = {
						CreatedOnToolsVersion = 15.2;
						TestTargetID = 653C74E72B686CB300609B96;
					};
					653C75012B686CB400609B96 = {
						CreatedOnToolsVersion = 15.2;
						TestTargetID = 653C74E72B686CB300609B96;
					};
				};
			};
			buildConfigurationList = 653C74E32B686CB300609B96 /* Build configuration list for PBXProject "toDoList" */;
			compatibilityVersion = "Xcode 14.0";
			developmentRegion = en;
			hasScannedForEncodings = 0;
			knownRegions = (
				en,
				Base,
			);
			mainGroup = 653C74DF2B686CB300609B96;
			productRefGroup = 653C74E92B686CB300609B96 /* Products */;
			projectDirPath = "";
			projectRoot = "";
			targets = (
				653C74E72B686CB300609B96 /* toDoList */,
				653C74F72B686CB400609B96 /* toDoListTests */,
				653C75012B686CB400609B96 /* toDoListUITests */,
			);
		};
/* End PBXProject section */

/* Begin PBXResourcesBuildPhase section */
		653C74E62B686CB300609B96 /* Resources */ = {
			isa = PBXResourcesBuildPhase;
			buildActionMask = 2147483647;
			files = (
				653C74F32B686CB400609B96 /* Preview Assets.xcassets in Resources */,
				653C74F02B686CB400609B96 /* Assets.xcassets in Resources */,
			);
			runOnlyForDeploymentPostprocessing = 0;
		};
		653C74F62B686CB400609B96 /* Resources */ = {
			isa = PBXResourcesBuildPhase;
			buildActionMask = 2147483647;
			files = (
			);
			runOnlyForDeploymentPostprocessing = 0;
		};
		653C75002B686CB400609B96 /* Resources */ = {
			isa = PBXResourcesBuildPhase;
			buildActionMask = 2147483647;
			files = (
			);
			runOnlyForDeploymentPostprocessing = 0;
		};
/* End PBXResourcesBuildPhase section */

/* Begin PBXSourcesBuildPhase section */
		653C74E42B686CB300609B96 /* Sources */ = {
			isa = PBXSourcesBuildPhase;
			buildActionMask = 2147483647;
			files = (
				653C752A2B687DE700609B96 /* ButtonHideListView.swift in Sources */,
				653C74EC2B686CB300609B96 /* toDoListApp.swift in Sources */,
				653C75282B687C9800609B96 /* TodayListView.swift in Sources */,
				653C75262B687C3700609B96 /* ViewHome.swift in Sources */,
			);
			runOnlyForDeploymentPostprocessing = 0;
		};
		653C74F42B686CB400609B96 /* Sources */ = {
			isa = PBXSourcesBuildPhase;
			buildActionMask = 2147483647;
			files = (
				653C74FD2B686CB400609B96 /* toDoListTests.swift in Sources */,
			);
			runOnlyForDeploymentPostprocessing = 0;
		};
		653C74FE2B686CB400609B96 /* Sources */ = {
			isa = PBXSourcesBuildPhase;
			buildActionMask = 2147483647;
			files = (
				653C75092B686CB400609B96 /* toDoListUITestsLaunchTests.swift in Sources */,
				653C75072B686CB400609B96 /* toDoListUITests.swift in Sources */,
			);
			runOnlyForDeploymentPostprocessing = 0;
		};
/* End PBXSourcesBuildPhase section */

/* Begin PBXTargetDependency section */
		653C74FA2B686CB400609B96 /* PBXTargetDependency */ = {
			isa = PBXTargetDependency;
			target = 653C74E72B686CB300609B96 /* toDoList */;
			targetProxy = 653C74F92B686CB400609B96 /* PBXContainerItemProxy */;
		};
		653C75042B686CB400609B96 /* PBXTargetDependency */ = {
			isa = PBXTargetDependency;
			target = 653C74E72B686CB300609B96 /* toDoList */;
			targetProxy = 653C75032B686CB400609B96 /* PBXContainerItemProxy */;
		};
/* End PBXTargetDependency section */

/* Begin XCBuildConfiguration section */
		653C750A2B686CB400609B96 /* Debug */ = {
			isa = XCBuildConfiguration;
			buildSettings = {
				ALWAYS_SEARCH_USER_PATHS = NO;
				ASSETCATALOG_COMPILER_GENERATE_SWIFT_ASSET_SYMBOL_EXTENSIONS = YES;
				CLANG_ANALYZER_NONNULL = YES;
				CLANG_ANALYZER_NUMBER_OBJECT_CONVERSION = YES_AGGRESSIVE;
				CLANG_CXX_LANGUAGE_STANDARD = "gnu++20";
				CLANG_ENABLE_MODULES = YES;
				CLANG_ENABLE_OBJC_ARC = YES;
				CLANG_ENABLE_OBJC_WEAK = YES;
				CLANG_WARN_BLOCK_CAPTURE_AUTORELEASING = YES;
				CLANG_WARN_BOOL_CONVERSION = YES;
				CLANG_WARN_COMMA = YES;
				CLANG_WARN_CONSTANT_CONVERSION = YES;
				CLANG_WARN_DEPRECATED_OBJC_IMPLEMENTATIONS = YES;
				CLANG_WARN_DIRECT_OBJC_ISA_USAGE = YES_ERROR;
				CLANG_WARN_DOCUMENTATION_COMMENTS = YES;
				CLANG_WARN_EMPTY_BODY = YES;
				CLANG_WARN_ENUM_CONVERSION = YES;
				CLANG_WARN_INFINITE_RECURSION = YES;
				CLANG_WARN_INT_CONVERSION = YES;
				CLANG_WARN_NON_LITERAL_NULL_CONVERSION = YES;
				CLANG_WARN_OBJC_IMPLICIT_RETAIN_SELF = YES;
				CLANG_WARN_OBJC_LITERAL_CONVERSION = YES;
				CLANG_WARN_OBJC_ROOT_CLASS = YES_ERROR;
				CLANG_WARN_QUOTED_INCLUDE_IN_FRAMEWORK_HEADER = YES;
				CLANG_WARN_RANGE_LOOP_ANALYSIS = YES;
				CLANG_WARN_STRICT_PROTOTYPES = YES;
				CLANG_WARN_SUSPICIOUS_MOVE = YES;
				CLANG_WARN_UNGUARDED_AVAILABILITY = YES_AGGRESSIVE;
				CLANG_WARN_UNREACHABLE_CODE = YES;
				CLANG_WARN__DUPLICATE_METHOD_MATCH = YES;
				COPY_PHASE_STRIP = NO;
				DEBUG_INFORMATION_FORMAT = dwarf;
				ENABLE_STRICT_OBJC_MSGSEND = YES;
				ENABLE_TESTABILITY = YES;
				ENABLE_USER_SCRIPT_SANDBOXING = YES;
				GCC_C_LANGUAGE_STANDARD = gnu17;
				GCC_DYNAMIC_NO_PIC = NO;
				GCC_NO_COMMON_BLOCKS = YES;
				GCC_OPTIMIZATION_LEVEL = 0;
				GCC_PREPROCESSOR_DEFINITIONS = (
					"DEBUG=1",
					"$(inherited)",
				);
				GCC_WARN_64_TO_32_BIT_CONVERSION = YES;
				GCC_WARN_ABOUT_RETURN_TYPE = YES_ERROR;
				GCC_WARN_UNDECLARED_SELECTOR = YES;
				GCC_WARN_UNINITIALIZED_AUTOS = YES_AGGRESSIVE;
				GCC_WARN_UNUSED_FUNCTION = YES;
				GCC_WARN_UNUSED_VARIABLE = YES;
				IPHONEOS_DEPLOYMENT_TARGET = 17.2;
				LOCALIZATION_PREFERS_STRING_CATALOGS = YES;
				MTL_ENABLE_DEBUG_INFO = INCLUDE_SOURCE;
				MTL_FAST_MATH = YES;
				ONLY_ACTIVE_ARCH = YES;
				SDKROOT = iphoneos;
				SWIFT_ACTIVE_COMPILATION_CONDITIONS = "DEBUG $(inherited)";
				SWIFT_OPTIMIZATION_LEVEL = "-Onone";
			};
			name = Debug;
		};
		653C750B2B686CB400609B96 /* Release */ = {
			isa = XCBuildConfiguration;
			buildSettings = {
				ALWAYS_SEARCH_USER_PATHS = NO;
				ASSETCATALOG_COMPILER_GENERATE_SWIFT_ASSET_SYMBOL_EXTENSIONS = YES;
				CLANG_ANALYZER_NONNULL = YES;
				CLANG_ANALYZER_NUMBER_OBJECT_CONVERSION = YES_AGGRESSIVE;
				CLANG_CXX_LANGUAGE_STANDARD = "gnu++20";
				CLANG_ENABLE_MODULES = YES;
				CLANG_ENABLE_OBJC_ARC = YES;
				CLANG_ENABLE_OBJC_WEAK = YES;
				CLANG_WARN_BLOCK_CAPTURE_AUTORELEASING = YES;
				CLANG_WARN_BOOL_CONVERSION = YES;
				CLANG_WARN_COMMA = YES;
				CLANG_WARN_CONSTANT_CONVERSION = YES;
				CLANG_WARN_DEPRECATED_OBJC_IMPLEMENTATIONS = YES;
				CLANG_WARN_DIRECT_OBJC_ISA_USAGE = YES_ERROR;
				CLANG_WARN_DOCUMENTATION_COMMENTS = YES;
				CLANG_WARN_EMPTY_BODY = YES;
				CLANG_WARN_ENUM_CONVERSION = YES;
				CLANG_WARN_INFINITE_RECURSION = YES;
				CLANG_WARN_INT_CONVERSION = YES;
				CLANG_WARN_NON_LITERAL_NULL_CONVERSION = YES;
				CLANG_WARN_OBJC_IMPLICIT_RETAIN_SELF = YES;
				CLANG_WARN_OBJC_LITERAL_CONVERSION = YES;
				CLANG_WARN_OBJC_ROOT_CLASS = YES_ERROR;
				CLANG_WARN_QUOTED_INCLUDE_IN_FRAMEWORK_HEADER = YES;
				CLANG_WARN_RANGE_LOOP_ANALYSIS = YES;
				CLANG_WARN_STRICT_PROTOTYPES = YES;
				CLANG_WARN_SUSPICIOUS_MOVE = YES;
				CLANG_WARN_UNGUARDED_AVAILABILITY = YES_AGGRESSIVE;
				CLANG_WARN_UNREACHABLE_CODE = YES;
				CLANG_WARN__DUPLICATE_METHOD_MATCH = YES;
				COPY_PHASE_STRIP = NO;
				DEBUG_INFORMATION_FORMAT = "dwarf-with-dsym";
				ENABLE_NS_ASSERTIONS = NO;
				ENABLE_STRICT_OBJC_MSGSEND = YES;
				ENABLE_USER_SCRIPT_SANDBOXING = YES;
				GCC_C_LANGUAGE_STANDARD = gnu17;
				GCC_NO_COMMON_BLOCKS = YES;
				GCC_WARN_64_TO_32_BIT_CONVERSION = YES;
				GCC_WARN_ABOUT_RETURN_TYPE = YES_ERROR;
				GCC_WARN_UNDECLARED_SELECTOR = YES;
				GCC_WARN_UNINITIALIZED_AUTOS = YES_AGGRESSIVE;
				GCC_WARN_UNUSED_FUNCTION = YES;
				GCC_WARN_UNUSED_VARIABLE = YES;
				IPHONEOS_DEPLOYMENT_TARGET = 17.2;
				LOCALIZATION_PREFERS_STRING_CATALOGS = YES;
				MTL_ENABLE_DEBUG_INFO = NO;
				MTL_FAST_MATH = YES;
				SDKROOT = iphoneos;
				SWIFT_COMPILATION_MODE = wholemodule;
				VALIDATE_PRODUCT = YES;
			};
			name = Release;
		};
		653C750D2B686CB400609B96 /* Debug */ = {
			isa = XCBuildConfiguration;
			buildSettings = {
				ASSETCATALOG_COMPILER_APPICON_NAME = AppIcon;
				ASSETCATALOG_COMPILER_GLOBAL_ACCENT_COLOR_NAME = AccentColor;
				CODE_SIGN_STYLE = Automatic;
				CURRENT_PROJECT_VERSION = 1;
				DEVELOPMENT_ASSET_PATHS = "\"toDoList/Preview Content\"";
				ENABLE_PREVIEWS = YES;
				GENERATE_INFOPLIST_FILE = YES;
				INFOPLIST_KEY_UIApplicationSceneManifest_Generation = YES;
				INFOPLIST_KEY_UIApplicationSupportsIndirectInputEvents = YES;
				INFOPLIST_KEY_UILaunchScreen_Generation = YES;
				INFOPLIST_KEY_UISupportedInterfaceOrientations_iPad = "UIInterfaceOrientationPortrait UIInterfaceOrientationPortraitUpsideDown UIInterfaceOrientationLandscapeLeft UIInterfaceOrientationLandscapeRight";
				INFOPLIST_KEY_UISupportedInterfaceOrientations_iPhone = "UIInterfaceOrientationPortrait UIInterfaceOrientationLandscapeLeft UIInterfaceOrientationLandscapeRight";
				LD_RUNPATH_SEARCH_PATHS = (
					"$(inherited)",
					"@executable_path/Frameworks",
				);
				MARKETING_VERSION = 1.0;
				PRODUCT_BUNDLE_IDENTIFIER = com.falkaniere.toDoList;
				PRODUCT_NAME = "$(TARGET_NAME)";
				SWIFT_EMIT_LOC_STRINGS = YES;
				SWIFT_VERSION = 5.0;
				TARGETED_DEVICE_FAMILY = "1,2";
			};
			name = Debug;
		};
		653C750E2B686CB400609B96 /* Release */ = {
			isa = XCBuildConfiguration;
			buildSettings = {
				ASSETCATALOG_COMPILER_APPICON_NAME = AppIcon;
				ASSETCATALOG_COMPILER_GLOBAL_ACCENT_COLOR_NAME = AccentColor;
				CODE_SIGN_STYLE = Automatic;
				CURRENT_PROJECT_VERSION = 1;
				DEVELOPMENT_ASSET_PATHS = "\"toDoList/Preview Content\"";
				ENABLE_PREVIEWS = YES;
				GENERATE_INFOPLIST_FILE = YES;
				INFOPLIST_KEY_UIApplicationSceneManifest_Generation = YES;
				INFOPLIST_KEY_UIApplicationSupportsIndirectInputEvents = YES;
				INFOPLIST_KEY_UILaunchScreen_Generation = YES;
				INFOPLIST_KEY_UISupportedInterfaceOrientations_iPad = "UIInterfaceOrientationPortrait UIInterfaceOrientationPortraitUpsideDown UIInterfaceOrientationLandscapeLeft UIInterfaceOrientationLandscapeRight";
				INFOPLIST_KEY_UISupportedInterfaceOrientations_iPhone = "UIInterfaceOrientationPortrait UIInterfaceOrientationLandscapeLeft UIInterfaceOrientationLandscapeRight";
				LD_RUNPATH_SEARCH_PATHS = (
					"$(inherited)",
					"@executable_path/Frameworks",
				);
				MARKETING_VERSION = 1.0;
				PRODUCT_BUNDLE_IDENTIFIER = com.falkaniere.toDoList;
				PRODUCT_NAME = "$(TARGET_NAME)";
				SWIFT_EMIT_LOC_STRINGS = YES;
				SWIFT_VERSION = 5.0;
				TARGETED_DEVICE_FAMILY = "1,2";
			};
			name = Release;
		};
		653C75102B686CB400609B96 /* Debug */ = {
			isa = XCBuildConfiguration;
			buildSettings = {
				ALWAYS_EMBED_SWIFT_STANDARD_LIBRARIES = YES;
				BUNDLE_LOADER = "$(TEST_HOST)";
				CODE_SIGN_STYLE = Automatic;
				CURRENT_PROJECT_VERSION = 1;
				GENERATE_INFOPLIST_FILE = YES;
				IPHONEOS_DEPLOYMENT_TARGET = 17.2;
				MARKETING_VERSION = 1.0;
				PRODUCT_BUNDLE_IDENTIFIER = com.falkaniere.toDoListTests;
				PRODUCT_NAME = "$(TARGET_NAME)";
				SWIFT_EMIT_LOC_STRINGS = NO;
				SWIFT_VERSION = 5.0;
				TARGETED_DEVICE_FAMILY = "1,2";
				TEST_HOST = "$(BUILT_PRODUCTS_DIR)/toDoList.app/$(BUNDLE_EXECUTABLE_FOLDER_PATH)/toDoList";
			};
			name = Debug;
		};
		653C75112B686CB400609B96 /* Release */ = {
			isa = XCBuildConfiguration;
			buildSettings = {
				ALWAYS_EMBED_SWIFT_STANDARD_LIBRARIES = YES;
				BUNDLE_LOADER = "$(TEST_HOST)";
				CODE_SIGN_STYLE = Automatic;
				CURRENT_PROJECT_VERSION = 1;
				GENERATE_INFOPLIST_FILE = YES;
				IPHONEOS_DEPLOYMENT_TARGET = 17.2;
				MARKETING_VERSION = 1.0;
				PRODUCT_BUNDLE_IDENTIFIER = com.falkaniere.toDoListTests;
				PRODUCT_NAME = "$(TARGET_NAME)";
				SWIFT_EMIT_LOC_STRINGS = NO;
				SWIFT_VERSION = 5.0;
				TARGETED_DEVICE_FAMILY = "1,2";
				TEST_HOST = "$(BUILT_PRODUCTS_DIR)/toDoList.app/$(BUNDLE_EXECUTABLE_FOLDER_PATH)/toDoList";
			};
			name = Release;
		};
		653C75132B686CB400609B96 /* Debug */ = {
			isa = XCBuildConfiguration;
			buildSettings = {
				ALWAYS_EMBED_SWIFT_STANDARD_LIBRARIES = YES;
				CODE_SIGN_STYLE = Automatic;
				CURRENT_PROJECT_VERSION = 1;
				GENERATE_INFOPLIST_FILE = YES;
				MARKETING_VERSION = 1.0;
				PRODUCT_BUNDLE_IDENTIFIER = com.falkaniere.toDoListUITests;
				PRODUCT_NAME = "$(TARGET_NAME)";
				SWIFT_EMIT_LOC_STRINGS = NO;
				SWIFT_VERSION = 5.0;
				TARGETED_DEVICE_FAMILY = "1,2";
				TEST_TARGET_NAME = toDoList;
			};
			name = Debug;
		};
		653C75142B686CB400609B96 /* Release */ = {
			isa = XCBuildConfiguration;
			buildSettings = {
				ALWAYS_EMBED_SWIFT_STANDARD_LIBRARIES = YES;
				CODE_SIGN_STYLE = Automatic;
				CURRENT_PROJECT_VERSION = 1;
				GENERATE_INFOPLIST_FILE = YES;
				MARKETING_VERSION = 1.0;
				PRODUCT_BUNDLE_IDENTIFIER = com.falkaniere.toDoListUITests;
				PRODUCT_NAME = "$(TARGET_NAME)";
				SWIFT_EMIT_LOC_STRINGS = NO;
				SWIFT_VERSION = 5.0;
				TARGETED_DEVICE_FAMILY = "1,2";
				TEST_TARGET_NAME = toDoList;
			};
			name = Release;
		};
/* End XCBuildConfiguration section */

/* Begin XCConfigurationList section */
		653C74E32B686CB300609B96 /* Build configuration list for PBXProject "toDoList" */ = {
			isa = XCConfigurationList;
			buildConfigurations = (
				653C750A2B686CB400609B96 /* Debug */,
				653C750B2B686CB400609B96 /* Release */,
			);
			defaultConfigurationIsVisible = 0;
			defaultConfigurationName = Release;
		};
		653C750C2B686CB400609B96 /* Build configuration list for PBXNativeTarget "toDoList" */ = {
			isa = XCConfigurationList;
			buildConfigurations = (
				653C750D2B686CB400609B96 /* Debug */,
				653C750E2B686CB400609B96 /* Release */,
			);
			defaultConfigurationIsVisible = 0;
			defaultConfigurationName = Release;
		};
		653C750F2B686CB400609B96 /* Build configuration list for PBXNativeTarget "toDoListTests" */ = {
			isa = XCConfigurationList;
			buildConfigurations = (
				653C75102B686CB400609B96 /* Debug */,
				653C75112B686CB400609B96 /* Release */,
			);
			defaultConfigurationIsVisible = 0;
			defaultConfigurationName = Release;
		};
		653C75122B686CB400609B96 /* Build configuration list for PBXNativeTarget "toDoListUITests" */ = {
			isa = XCConfigurationList;
			buildConfigurations = (
				653C75132B686CB400609B96 /* Debug */,
				653C75142B686CB400609B96 /* Release */,
			);
			defaultConfigurationIsVisible = 0;
			defaultConfigurationName = Release;
		};
/* End XCConfigurationList section */
	};
	rootObject = 653C74E02B686CB300609B96 /* Project object */;
}
